
Microsoft Visual Studio Solution File, Format Version 12.00
# Visual Studio 15
VisualStudioVersion = 15.0.28307.779
MinimumVisualStudioVersion = 10.0.40219.1
Project("{FAE04EC0-301F-11D3-BF4B-00C04F79EFBC}") = "Pinger", "Gauge\Pinger.csproj", "{EDFBCFD1-228F-41BF-8570-D0B4CC81D9F7}"
EndProject
Project("{840C416C-B8F3-42BC-B0DD-F6BB14C9F8CB}") = "pinger 1.0", "pinger 1.0\pinger 1.0.aiproj", "{83A9FE89-F905-4666-8351-DDB9228E3C40}"
EndProject
Global
	GlobalSection(SolutionConfigurationPlatforms) = preSolution
		All|Any CPU = All|Any CPU
		Debug|Any CPU = Debug|Any CPU
		Release|Any CPU = Release|Any CPU
	EndGlobalSection
	GlobalSection(ProjectConfigurationPlatforms) = postSolution
		{EDFBCFD1-228F-41BF-8570-D0B4CC81D9F7}.All|Any CPU.ActiveCfg = Release|Any CPU
		{EDFBCFD1-228F-41BF-8570-D0B4CC81D9F7}.All|Any CPU.Build.0 = Release|Any CPU
		{EDFBCFD1-228F-41BF-8570-D0B4CC81D9F7}.Debug|Any CPU.ActiveCfg = Debug|Any CPU
		{EDFBCFD1-228F-41BF-8570-D0B4CC81D9F7}.Debug|Any CPU.Build.0 = Debug|Any CPU
		{EDFBCFD1-228F-41BF-8570-D0B4CC81D9F7}.Release|Any CPU.ActiveCfg = Release|Any CPU
		{EDFBCFD1-228F-41BF-8570-D0B4CC81D9F7}.Release|Any CPU.Build.0 = Release|Any CPU
		{83A9FE89-F905-4666-8351-DDB9228E3C40}.All|Any CPU.ActiveCfg = DefaultBuild
		{83A9FE89-F905-4666-8351-DDB9228E3C40}.All|Any CPU.Build.0 = DefaultBuild
		{83A9FE89-F905-4666-8351-DDB9228E3C40}.Debug|Any CPU.ActiveCfg = DefaultBuild
		{83A9FE89-F905-4666-8351-DDB9228E3C40}.Debug|Any CPU.Build.0 = DefaultBuild
		{83A9FE89-F905-4666-8351-DDB9228E3C40}.Release|Any CPU.ActiveCfg = DefaultBuild
		{83A9FE89-F905-4666-8351-DDB9228E3C40}.Release|Any CPU.Build.0 = DefaultBuild
	EndGlobalSection
	GlobalSection(SolutionProperties) = preSolution
		HideSolutionNode = FALSE
	EndGlobalSection
	GlobalSection(ExtensibilityGlobals) = postSolution
		SolutionGuid = {4CC3F8A2-4E5C-4DCA-B5A1-1022222E9E41}
	EndGlobalSection
EndGlobal
